
Microsoft Visual Studio Solution File, Format Version 12.00
Project("{FAE04EC0-301F-11D3-BF4B-00C04F79EFBC}") = "Coffee.Api", "Coffee.Api\Coffee.Api.csproj", "{97BC9DD7-60D5-46FA-9447-BF643C05392F}"
EndProject
Project("{2150E333-8FDC-42A3-9474-1A3956D46DE8}") = "Solution Items", "Solution Items", "{2633C382-F0AA-4874-B2D9-636381E9EE1E}"
	ProjectSection(SolutionItems) = preProject
		compose.yaml = compose.yaml
	EndProjectSection
EndProject
Project("{FAE04EC0-301F-11D3-BF4B-00C04F79EFBC}") = "OTel.Common", "OTel.Common\OTel.Common.csproj", "{081ACD21-70B7-48EE-953B-1991EE06E7CA}"
EndProject
Global
	GlobalSection(SolutionConfigurationPlatforms) = preSolution
		Debug|Any CPU = Debug|Any CPU
		Release|Any CPU = Release|Any CPU
	EndGlobalSection
	GlobalSection(ProjectConfigurationPlatforms) = postSolution
		{97BC9DD7-60D5-46FA-9447-BF643C05392F}.Debug|Any CPU.ActiveCfg = Debug|Any CPU
		{97BC9DD7-60D5-46FA-9447-BF643C05392F}.Debug|Any CPU.Build.0 = Debug|Any CPU
		{97BC9DD7-60D5-46FA-9447-BF643C05392F}.Release|Any CPU.ActiveCfg = Release|Any CPU
		{97BC9DD7-60D5-46FA-9447-BF643C05392F}.Release|Any CPU.Build.0 = Release|Any CPU
		{081ACD21-70B7-48EE-953B-1991EE06E7CA}.Debug|Any CPU.ActiveCfg = Debug|Any CPU
		{081ACD21-70B7-48EE-953B-1991EE06E7CA}.Debug|Any CPU.Build.0 = Debug|Any CPU
		{081ACD21-70B7-48EE-953B-1991EE06E7CA}.Release|Any CPU.ActiveCfg = Release|Any CPU
		{081ACD21-70B7-48EE-953B-1991EE06E7CA}.Release|Any CPU.Build.0 = Release|Any CPU
	EndGlobalSection
EndGlobal
